# This file is automatically @generated by Cargo.
# It is not intended for manual editing.
version = 4

[[package]]
name = "eventcontracts-allocator"
version = "0.1.0"
dependencies = [
 "eventcontracts-contracts",
]

[[package]]
name = "eventcontracts-bus"
version = "0.1.0"
dependencies = [
 "eventcontracts-contracts",
]

[[package]]
name = "eventcontracts-contracts"
version = "0.1.0"

[[package]]
name = "eventcontracts-feature-builder"
version = "0.1.0"
dependencies = [
 "eventcontracts-contracts",
]

[[package]]
name = "eventcontracts-gateway"
version = "0.1.0"
dependencies = [
 "eventcontracts-contracts",
]

[[package]]
name = "eventcontracts-parity"
version = "0.1.0"
dependencies = [
 "eventcontracts-contracts",
]

[[package]]
name = "eventcontracts-runner"
version = "0.1.0"
dependencies = [
 "eventcontracts-contracts",
]
